
Microsoft Visual Studio Solution File, Format Version 12.00
# Visual Studio Version 16
VisualStudioVersion = 16.0.32428.217
MinimumVisualStudioVersion = 10.0.40219.1
Project("{9A19103F-16F7-4668-BE54-9A1E7A4F7556}") = "CSharp.CodingStandards.Sample.App", "CSharp.CodingStandards.Sample.App\CSharp.CodingStandards.Sample.App.csproj", "{47052DE8-989D-42C7-AF89-F08225E24FB2}"
EndProject
Global
	GlobalSection(SolutionConfigurationPlatforms) = preSolution
		Debug|Any CPU = Debug|Any CPU
		Release|Any CPU = Release|Any CPU
	EndGlobalSection
	GlobalSection(ProjectConfigurationPlatforms) = postSolution
		{47052DE8-989D-42C7-AF89-F08225E24FB2}.Debug|Any CPU.ActiveCfg = Debug|Any CPU
		{47052DE8-989D-42C7-AF89-F08225E24FB2}.Debug|Any CPU.Build.0 = Debug|Any CPU
		{47052DE8-989D-42C7-AF89-F08225E24FB2}.Release|Any CPU.ActiveCfg = Release|Any CPU
		{47052DE8-989D-42C7-AF89-F08225E24FB2}.Release|Any CPU.Build.0 = Release|Any CPU
	EndGlobalSection
	GlobalSection(SolutionProperties) = preSolution
		HideSolutionNode = FALSE
	EndGlobalSection
	GlobalSection(ExtensibilityGlobals) = postSolution
		SolutionGuid = {E13A69C1-D104-4AB7-BE3D-6162628FC6F6}
	EndGlobalSection
EndGlobal
